// !$*UTF8*$!
{
	archiveVersion = 1;
	classes = {
	};
	objectVersion = 56;
	objects = {

/* Begin PBXBuildFile section */
		E8B1B6412BFABDD4006A4C9B /* WeatherApp.swift in Sources */ = {isa = PBXBuildFile; fileRef = E8B1B6402BFABDD4006A4C9B /* WeatherApp.swift */; };
		E8B1B6432BFABDD4006A4C9B /* ContentView.swift in Sources */ = {isa = PBXBuildFile; fileRef = E8B1B6422BFABDD4006A4C9B /* ContentView.swift */; };
		E8B1B6452BFABDD5006A4C9B /* Assets.xcassets in Resources */ = {isa = PBXBuildFile; fileRef = E8B1B6442BFABDD5006A4C9B /* Assets.xcassets */; };
		E8B1B6482BFABDD5006A4C9B /* Preview Assets.xcassets in Resources */ = {isa = PBXBuildFile; fileRef = E8B1B6472BFABDD5006A4C9B /* Preview Assets.xcassets */; };
		E8B1B6502BFAC123006A4C9B /* Location.swift in Sources */ = {isa = PBXBuildFile; fileRef = E8B1B64F2BFAC123006A4C9B /* Location.swift */; };
		E8B1B6522BFAC1A0006A4C9B /* Weather.swift in Sources */ = {isa = PBXBuildFile; fileRef = E8B1B6512BFAC1A0006A4C9B /* Weather.swift */; };
		E8B1B65B2BFAE398006A4C9B /* MeasurementFormatter+Extension.swift in Sources */ = {isa = PBXBuildFile; fileRef = E8B1B65A2BFAE398006A4C9B /* MeasurementFormatter+Extension.swift */; };
		E8B1B6632BFAE500006A4C9B /* APIClient.swift in Sources */ = {isa = PBXBuildFile; fileRef = E8B1B6622BFAE500006A4C9B /* APIClient.swift */; };
		E8B1B6652BFAE50E006A4C9B /* APIRoute.swift in Sources */ = {isa = PBXBuildFile; fileRef = E8B1B6642BFAE50D006A4C9B /* APIRoute.swift */; };
		E8B1B6672BFAE517006A4C9B /* APIError.swift in Sources */ = {isa = PBXBuildFile; fileRef = E8B1B6662BFAE517006A4C9B /* APIError.swift */; };
		E8B1B66A2BFAEE4C006A4C9B /* Screenshot.png in Resources */ = {isa = PBXBuildFile; fileRef = E8B1B6692BFAEE4B006A4C9B /* Screenshot.png */; };
/* End PBXBuildFile section */

/* Begin PBXFileReference section */
		E8B1B63D2BFABDD4006A4C9B /* Weather.app */ = {isa = PBXFileReference; explicitFileType = wrapper.application; includeInIndex = 0; path = Weather.app; sourceTree = BUILT_PRODUCTS_DIR; };
		E8B1B6402BFABDD4006A4C9B /* WeatherApp.swift */ = {isa = PBXFileReference; lastKnownFileType = sourcecode.swift; path = WeatherApp.swift; sourceTree = "<group>"; };
		E8B1B6422BFABDD4006A4C9B /* ContentView.swift */ = {isa = PBXFileReference; lastKnownFileType = sourcecode.swift; path = ContentView.swift; sourceTree = "<group>"; };
		E8B1B6442BFABDD5006A4C9B /* Assets.xcassets */ = {isa = PBXFileReference; lastKnownFileType = folder.assetcatalog; path = Assets.xcassets; sourceTree = "<group>"; };
		E8B1B6472BFABDD5006A4C9B /* Preview Assets.xcassets */ = {isa = PBXFileReference; lastKnownFileType = folder.assetcatalog; path = "Preview Assets.xcassets"; sourceTree = "<group>"; };
		E8B1B64E2BFABDF5006A4C9B /* Info.plist */ = {isa = PBXFileReference; lastKnownFileType = text.plist; path = Info.plist; sourceTree = "<group>"; };
		E8B1B64F2BFAC123006A4C9B /* Location.swift */ = {isa = PBXFileReference; lastKnownFileType = sourcecode.swift; path = Location.swift; sourceTree = "<group>"; };
		E8B1B6512BFAC1A0006A4C9B /* Weather.swift */ = {isa = PBXFileReference; lastKnownFileType = sourcecode.swift; path = Weather.swift; sourceTree = "<group>"; };
		E8B1B65A2BFAE398006A4C9B /* MeasurementFormatter+Extension.swift */ = {isa = PBXFileReference; lastKnownFileType = sourcecode.swift; path = "MeasurementFormatter+Extension.swift"; sourceTree = "<group>"; };
		E8B1B6612BFAE466006A4C9B /* README.md */ = {isa = PBXFileReference; lastKnownFileType = net.daringfireball.markdown; path = README.md; sourceTree = "<group>"; };
		E8B1B6622BFAE500006A4C9B /* APIClient.swift */ = {isa = PBXFileReference; lastKnownFileType = sourcecode.swift; path = APIClient.swift; sourceTree = "<group>"; };
		E8B1B6642BFAE50D006A4C9B /* APIRoute.swift */ = {isa = PBXFileReference; lastKnownFileType = sourcecode.swift; path = APIRoute.swift; sourceTree = "<group>"; };
		E8B1B6662BFAE517006A4C9B /* APIError.swift */ = {isa = PBXFileReference; lastKnownFileType = sourcecode.swift; path = APIError.swift; sourceTree = "<group>"; };
		E8B1B6692BFAEE4B006A4C9B /* Screenshot.png */ = {isa = PBXFileReference; lastKnownFileType = image.png; path = Screenshot.png; sourceTree = "<group>"; };
/* End PBXFileReference section */

/* Begin PBXFrameworksBuildPhase section */
		E8B1B63A2BFABDD4006A4C9B /* Frameworks */ = {
			isa = PBXFrameworksBuildPhase;
			buildActionMask = 2147483647;
			files = (
			);
			runOnlyForDeploymentPostprocessing = 0;
		};
/* End PBXFrameworksBuildPhase section */

/* Begin PBXGroup section */
		E8B1B6342BFABDD4006A4C9B = {
			isa = PBXGroup;
			children = (
				E8B1B6612BFAE466006A4C9B /* README.md */,
				E8B1B6692BFAEE4B006A4C9B /* Screenshot.png */,
				E8B1B63F2BFABDD4006A4C9B /* Weather */,
				E8B1B63E2BFABDD4006A4C9B /* Products */,
			);
			sourceTree = "<group>";
		};
		E8B1B63E2BFABDD4006A4C9B /* Products */ = {
			isa = PBXGroup;
			children = (
				E8B1B63D2BFABDD4006A4C9B /* Weather.app */,
			);
			name = Products;
			sourceTree = "<group>";
		};
		E8B1B63F2BFABDD4006A4C9B /* Weather */ = {
			isa = PBXGroup;
			children = (
				E8B1B65C2BFAE3D9006A4C9B /* App */,
				E8B1B65E2BFAE3FF006A4C9B /* Views */,
				E8B1B65F2BFAE40D006A4C9B /* Extensions */,
				E8B1B6532BFAC25C006A4C9B /* Models */,
				E8B1B6682BFAEB43006A4C9B /* API */,
				E8B1B65D2BFAE3E7006A4C9B /* Supporting Files */,
			);
			path = Weather;
			sourceTree = "<group>";
		};
		E8B1B6462BFABDD5006A4C9B /* Preview Content */ = {
			isa = PBXGroup;
			children = (
				E8B1B6472BFABDD5006A4C9B /* Preview Assets.xcassets */,
			);
			path = "Preview Content";
			sourceTree = "<group>";
		};
		E8B1B6532BFAC25C006A4C9B /* Models */ = {
			isa = PBXGroup;
			children = (
				E8B1B64F2BFAC123006A4C9B /* Location.swift */,
				E8B1B6512BFAC1A0006A4C9B /* Weather.swift */,
			);
			path = Models;
			sourceTree = "<group>";
		};
		E8B1B65C2BFAE3D9006A4C9B /* App */ = {
			isa = PBXGroup;
			children = (
				E8B1B6402BFABDD4006A4C9B /* WeatherApp.swift */,
			);
			path = App;
			sourceTree = "<group>";
		};
		E8B1B65D2BFAE3E7006A4C9B /* Supporting Files */ = {
			isa = PBXGroup;
			children = (
				E8B1B6462BFABDD5006A4C9B /* Preview Content */,
				E8B1B6442BFABDD5006A4C9B /* Assets.xcassets */,
				E8B1B64E2BFABDF5006A4C9B /* Info.plist */,
			);
			name = "Supporting Files";
			sourceTree = "<group>";
		};
		E8B1B65E2BFAE3FF006A4C9B /* Views */ = {
			isa = PBXGroup;
			children = (
				E8B1B6422BFABDD4006A4C9B /* ContentView.swift */,
			);
			path = Views;
			sourceTree = "<group>";
		};
		E8B1B65F2BFAE40D006A4C9B /* Extensions */ = {
			isa = PBXGroup;
			children = (
				E8B1B65A2BFAE398006A4C9B /* MeasurementFormatter+Extension.swift */,
			);
			path = Extensions;
			sourceTree = "<group>";
		};
		E8B1B6682BFAEB43006A4C9B /* API */ = {
			isa = PBXGroup;
			children = (
				E8B1B6622BFAE500006A4C9B /* APIClient.swift */,
				E8B1B6642BFAE50D006A4C9B /* APIRoute.swift */,
				E8B1B6662BFAE517006A4C9B /* APIError.swift */,
			);
			path = API;
			sourceTree = "<group>";
		};
/* End PBXGroup section */

/* Begin PBXNativeTarget section */
		E8B1B63C2BFABDD4006A4C9B /* Weather */ = {
			isa = PBXNativeTarget;
			buildConfigurationList = E8B1B64B2BFABDD5006A4C9B /* Build configuration list for PBXNativeTarget "Weather" */;
			buildPhases = (
				E8B1B6392BFABDD4006A4C9B /* Sources */,
				E8B1B63A2BFABDD4006A4C9B /* Frameworks */,
				E8B1B63B2BFABDD4006A4C9B /* Resources */,
			);
			buildRules = (
			);
			dependencies = (
			);
			name = Weather;
			productName = Weather;
			productReference = E8B1B63D2BFABDD4006A4C9B /* Weather.app */;
			productType = "com.apple.product-type.application";
		};
/* End PBXNativeTarget section */

/* Begin PBXProject section */
		E8B1B6352BFABDD4006A4C9B /* Project object */ = {
			isa = PBXProject;
			attributes = {
				BuildIndependentTargetsInParallel = 1;
				LastSwiftUpdateCheck = 1540;
				LastUpgradeCheck = 1540;
				TargetAttributes = {
					E8B1B63C2BFABDD4006A4C9B = {
						CreatedOnToolsVersion = 15.4;
					};
				};
			};
			buildConfigurationList = E8B1B6382BFABDD4006A4C9B /* Build configuration list for PBXProject "Weather" */;
			compatibilityVersion = "Xcode 14.0";
			developmentRegion = en;
			hasScannedForEncodings = 0;
			knownRegions = (
				en,
				Base,
			);
			mainGroup = E8B1B6342BFABDD4006A4C9B;
			productRefGroup = E8B1B63E2BFABDD4006A4C9B /* Products */;
			projectDirPath = "";
			projectRoot = "";
			targets = (
				E8B1B63C2BFABDD4006A4C9B /* Weather */,
			);
		};
/* End PBXProject section */

/* Begin PBXResourcesBuildPhase section */
		E8B1B63B2BFABDD4006A4C9B /* Resources */ = {
			isa = PBXResourcesBuildPhase;
			buildActionMask = 2147483647;
			files = (
				E8B1B6482BFABDD5006A4C9B /* Preview Assets.xcassets in Resources */,
				E8B1B6452BFABDD5006A4C9B /* Assets.xcassets in Resources */,
				E8B1B66A2BFAEE4C006A4C9B /* Screenshot.png in Resources */,
			);
			runOnlyForDeploymentPostprocessing = 0;
		};
/* End PBXResourcesBuildPhase section */

/* Begin PBXSourcesBuildPhase section */
		E8B1B6392BFABDD4006A4C9B /* Sources */ = {
			isa = PBXSourcesBuildPhase;
			buildActionMask = 2147483647;
			files = (
				E8B1B6522BFAC1A0006A4C9B /* Weather.swift in Sources */,
				E8B1B65B2BFAE398006A4C9B /* MeasurementFormatter+Extension.swift in Sources */,
				E8B1B6432BFABDD4006A4C9B /* ContentView.swift in Sources */,
				E8B1B6652BFAE50E006A4C9B /* APIRoute.swift in Sources */,
				E8B1B6502BFAC123006A4C9B /* Location.swift in Sources */,
				E8B1B6412BFABDD4006A4C9B /* WeatherApp.swift in Sources */,
				E8B1B6632BFAE500006A4C9B /* APIClient.swift in Sources */,
				E8B1B6672BFAE517006A4C9B /* APIError.swift in Sources */,
			);
			runOnlyForDeploymentPostprocessing = 0;
		};
/* End PBXSourcesBuildPhase section */

/* Begin XCBuildConfiguration section */
		E8B1B6492BFABDD5006A4C9B /* Debug */ = {
			isa = XCBuildConfiguration;
			buildSettings = {
				ALWAYS_SEARCH_USER_PATHS = NO;
				ASSETCATALOG_COMPILER_GENERATE_SWIFT_ASSET_SYMBOL_EXTENSIONS = YES;
				CLANG_ANALYZER_NONNULL = YES;
				CLANG_ANALYZER_NUMBER_OBJECT_CONVERSION = YES_AGGRESSIVE;
				CLANG_CXX_LANGUAGE_STANDARD = "gnu++20";
				CLANG_ENABLE_MODULES = YES;
				CLANG_ENABLE_OBJC_ARC = YES;
				CLANG_ENABLE_OBJC_WEAK = YES;
				CLANG_WARN_BLOCK_CAPTURE_AUTORELEASING = YES;
				CLANG_WARN_BOOL_CONVERSION = YES;
				CLANG_WARN_COMMA = YES;
				CLANG_WARN_CONSTANT_CONVERSION = YES;
				CLANG_WARN_DEPRECATED_OBJC_IMPLEMENTATIONS = YES;
				CLANG_WARN_DIRECT_OBJC_ISA_USAGE = YES_ERROR;
				CLANG_WARN_DOCUMENTATION_COMMENTS = YES;
				CLANG_WARN_EMPTY_BODY = YES;
				CLANG_WARN_ENUM_CONVERSION = YES;
				CLANG_WARN_INFINITE_RECURSION = YES;
				CLANG_WARN_INT_CONVERSION = YES;
				CLANG_WARN_NON_LITERAL_NULL_CONVERSION = YES;
				CLANG_WARN_OBJC_IMPLICIT_RETAIN_SELF = YES;
				CLANG_WARN_OBJC_LITERAL_CONVERSION = YES;
				CLANG_WARN_OBJC_ROOT_CLASS = YES_ERROR;
				CLANG_WARN_QUOTED_INCLUDE_IN_FRAMEWORK_HEADER = YES;
				CLANG_WARN_RANGE_LOOP_ANALYSIS = YES;
				CLANG_WARN_STRICT_PROTOTYPES = YES;
				CLANG_WARN_SUSPICIOUS_MOVE = YES;
				CLANG_WARN_UNGUARDED_AVAILABILITY = YES_AGGRESSIVE;
				CLANG_WARN_UNREACHABLE_CODE = YES;
				CLANG_WARN__DUPLICATE_METHOD_MATCH = YES;
				COPY_PHASE_STRIP = NO;
				DEBUG_INFORMATION_FORMAT = dwarf;
				ENABLE_STRICT_OBJC_MSGSEND = YES;
				ENABLE_TESTABILITY = YES;
				ENABLE_USER_SCRIPT_SANDBOXING = YES;
				GCC_C_LANGUAGE_STANDARD = gnu17;
				GCC_DYNAMIC_NO_PIC = NO;
				GCC_NO_COMMON_BLOCKS = YES;
				GCC_OPTIMIZATION_LEVEL = 0;
				GCC_PREPROCESSOR_DEFINITIONS = (
					"DEBUG=1",
					"$(inherited)",
				);
				GCC_WARN_64_TO_32_BIT_CONVERSION = YES;
				GCC_WARN_ABOUT_RETURN_TYPE = YES_ERROR;
				GCC_WARN_UNDECLARED_SELECTOR = YES;
				GCC_WARN_UNINITIALIZED_AUTOS = YES_AGGRESSIVE;
				GCC_WARN_UNUSED_FUNCTION = YES;
				GCC_WARN_UNUSED_VARIABLE = YES;
				IPHONEOS_DEPLOYMENT_TARGET = 17.5;
				LOCALIZATION_PREFERS_STRING_CATALOGS = YES;
				MTL_ENABLE_DEBUG_INFO = INCLUDE_SOURCE;
				MTL_FAST_MATH = YES;
				ONLY_ACTIVE_ARCH = YES;
				SDKROOT = iphoneos;
				SWIFT_ACTIVE_COMPILATION_CONDITIONS = "DEBUG $(inherited)";
				SWIFT_OPTIMIZATION_LEVEL = "-Onone";
			};
			name = Debug;
		};
		E8B1B64A2BFABDD5006A4C9B /* Release */ = {
			isa = XCBuildConfiguration;
			buildSettings = {
				ALWAYS_SEARCH_USER_PATHS = NO;
				ASSETCATALOG_COMPILER_GENERATE_SWIFT_ASSET_SYMBOL_EXTENSIONS = YES;
				CLANG_ANALYZER_NONNULL = YES;
				CLANG_ANALYZER_NUMBER_OBJECT_CONVERSION = YES_AGGRESSIVE;
				CLANG_CXX_LANGUAGE_STANDARD = "gnu++20";
				CLANG_ENABLE_MODULES = YES;
				CLANG_ENABLE_OBJC_ARC = YES;
				CLANG_ENABLE_OBJC_WEAK = YES;
				CLANG_WARN_BLOCK_CAPTURE_AUTORELEASING = YES;
				CLANG_WARN_BOOL_CONVERSION = YES;
				CLANG_WARN_COMMA = YES;
				CLANG_WARN_CONSTANT_CONVERSION = YES;
				CLANG_WARN_DEPRECATED_OBJC_IMPLEMENTATIONS = YES;
				CLANG_WARN_DIRECT_OBJC_ISA_USAGE = YES_ERROR;
				CLANG_WARN_DOCUMENTATION_COMMENTS = YES;
				CLANG_WARN_EMPTY_BODY = YES;
				CLANG_WARN_ENUM_CONVERSION = YES;
				CLANG_WARN_INFINITE_RECURSION = YES;
				CLANG_WARN_INT_CONVERSION = YES;
				CLANG_WARN_NON_LITERAL_NULL_CONVERSION = YES;
				CLANG_WARN_OBJC_IMPLICIT_RETAIN_SELF = YES;
				CLANG_WARN_OBJC_LITERAL_CONVERSION = YES;
				CLANG_WARN_OBJC_ROOT_CLASS = YES_ERROR;
				CLANG_WARN_QUOTED_INCLUDE_IN_FRAMEWORK_HEADER = YES;
				CLANG_WARN_RANGE_LOOP_ANALYSIS = YES;
				CLANG_WARN_STRICT_PROTOTYPES = YES;
				CLANG_WARN_SUSPICIOUS_MOVE = YES;
				CLANG_WARN_UNGUARDED_AVAILABILITY = YES_AGGRESSIVE;
				CLANG_WARN_UNREACHABLE_CODE = YES;
				CLANG_WARN__DUPLICATE_METHOD_MATCH = YES;
				COPY_PHASE_STRIP = NO;
				DEBUG_INFORMATION_FORMAT = "dwarf-with-dsym";
				ENABLE_NS_ASSERTIONS = NO;
				ENABLE_STRICT_OBJC_MSGSEND = YES;
				ENABLE_USER_SCRIPT_SANDBOXING = YES;
				GCC_C_LANGUAGE_STANDARD = gnu17;
				GCC_NO_COMMON_BLOCKS = YES;
				GCC_WARN_64_TO_32_BIT_CONVERSION = YES;
				GCC_WARN_ABOUT_RETURN_TYPE = YES_ERROR;
				GCC_WARN_UNDECLARED_SELECTOR = YES;
				GCC_WARN_UNINITIALIZED_AUTOS = YES_AGGRESSIVE;
				GCC_WARN_UNUSED_FUNCTION = YES;
				GCC_WARN_UNUSED_VARIABLE = YES;
				IPHONEOS_DEPLOYMENT_TARGET = 17.5;
				LOCALIZATION_PREFERS_STRING_CATALOGS = YES;
				MTL_ENABLE_DEBUG_INFO = NO;
				MTL_FAST_MATH = YES;
				SDKROOT = iphoneos;
				SWIFT_COMPILATION_MODE = wholemodule;
				VALIDATE_PRODUCT = YES;
			};
			name = Release;
		};
		E8B1B64C2BFABDD5006A4C9B /* Debug */ = {
			isa = XCBuildConfiguration;
			buildSettings = {
				ASSETCATALOG_COMPILER_APPICON_NAME = AppIcon;
				ASSETCATALOG_COMPILER_GLOBAL_ACCENT_COLOR_NAME = AccentColor;
				CODE_SIGN_STYLE = Automatic;
				CURRENT_PROJECT_VERSION = 1;
				DEVELOPMENT_ASSET_PATHS = "\"Weather/Preview Content\"";
				DEVELOPMENT_TEAM = 723HTEFHBA;
				ENABLE_PREVIEWS = YES;
				GENERATE_INFOPLIST_FILE = YES;
				INFOPLIST_FILE = Weather/Info.plist;
				INFOPLIST_KEY_UIApplicationSceneManifest_Generation = YES;
				INFOPLIST_KEY_UIApplicationSupportsIndirectInputEvents = YES;
				INFOPLIST_KEY_UILaunchScreen_Generation = YES;
				INFOPLIST_KEY_UISupportedInterfaceOrientations_iPad = "UIInterfaceOrientationPortrait UIInterfaceOrientationPortraitUpsideDown UIInterfaceOrientationLandscapeLeft UIInterfaceOrientationLandscapeRight";
				INFOPLIST_KEY_UISupportedInterfaceOrientations_iPhone = "UIInterfaceOrientationPortrait UIInterfaceOrientationLandscapeLeft UIInterfaceOrientationLandscapeRight";
				LD_RUNPATH_SEARCH_PATHS = (
					"$(inherited)",
					"@executable_path/Frameworks",
				);
				MARKETING_VERSION = 1.0;
				PRODUCT_BUNDLE_IDENTIFIER = ru.fibeapp.Weather;
				PRODUCT_NAME = "$(TARGET_NAME)";
				SWIFT_EMIT_LOC_STRINGS = YES;
				SWIFT_VERSION = 5.0;
				TARGETED_DEVICE_FAMILY = "1,2";
			};
			name = Debug;
		};
		E8B1B64D2BFABDD5006A4C9B /* Release */ = {
			isa = XCBuildConfiguration;
			buildSettings = {
				ASSETCATALOG_COMPILER_APPICON_NAME = AppIcon;
				ASSETCATALOG_COMPILER_GLOBAL_ACCENT_COLOR_NAME = AccentColor;
				CODE_SIGN_STYLE = Automatic;
				CURRENT_PROJECT_VERSION = 1;
				DEVELOPMENT_ASSET_PATHS = "\"Weather/Preview Content\"";
				DEVELOPMENT_TEAM = 723HTEFHBA;
				ENABLE_PREVIEWS = YES;
				GENERATE_INFOPLIST_FILE = YES;
				INFOPLIST_FILE = Weather/Info.plist;
				INFOPLIST_KEY_UIApplicationSceneManifest_Generation = YES;
				INFOPLIST_KEY_UIApplicationSupportsIndirectInputEvents = YES;
				INFOPLIST_KEY_UILaunchScreen_Generation = YES;
				INFOPLIST_KEY_UISupportedInterfaceOrientations_iPad = "UIInterfaceOrientationPortrait UIInterfaceOrientationPortraitUpsideDown UIInterfaceOrientationLandscapeLeft UIInterfaceOrientationLandscapeRight";
				INFOPLIST_KEY_UISupportedInterfaceOrientations_iPhone = "UIInterfaceOrientationPortrait UIInterfaceOrientationLandscapeLeft UIInterfaceOrientationLandscapeRight";
				LD_RUNPATH_SEARCH_PATHS = (
					"$(inherited)",
					"@executable_path/Frameworks",
				);
				MARKETING_VERSION = 1.0;
				PRODUCT_BUNDLE_IDENTIFIER = ru.fibeapp.Weather;
				PRODUCT_NAME = "$(TARGET_NAME)";
				SWIFT_EMIT_LOC_STRINGS = YES;
				SWIFT_VERSION = 5.0;
				TARGETED_DEVICE_FAMILY = "1,2";
			};
			name = Release;
		};
/* End XCBuildConfiguration section */

/* Begin XCConfigurationList section */
		E8B1B6382BFABDD4006A4C9B /* Build configuration list for PBXProject "Weather" */ = {
			isa = XCConfigurationList;
			buildConfigurations = (
				E8B1B6492BFABDD5006A4C9B /* Debug */,
				E8B1B64A2BFABDD5006A4C9B /* Release */,
			);
			defaultConfigurationIsVisible = 0;
			defaultConfigurationName = Release;
		};
		E8B1B64B2BFABDD5006A4C9B /* Build configuration list for PBXNativeTarget "Weather" */ = {
			isa = XCConfigurationList;
			buildConfigurations = (
				E8B1B64C2BFABDD5006A4C9B /* Debug */,
				E8B1B64D2BFABDD5006A4C9B /* Release */,
			);
			defaultConfigurationIsVisible = 0;
			defaultConfigurationName = Release;
		};
/* End XCConfigurationList section */
	};
	rootObject = E8B1B6352BFABDD4006A4C9B /* Project object */;
}
