// !$*UTF8*$!
{
	archiveVersion = 1;
	classes = {
	};
	objectVersion = 56;
	objects = {

/* Begin PBXBuildFile section */
		02074E192997247A0049B917 /* ProductDetatilViewController.swift in Sources */ = {isa = PBXBuildFile; fileRef = 02074E182997247A0049B917 /* ProductDetatilViewController.swift */; };
		02074E1B29972E290049B917 /* ProductCellView.swift in Sources */ = {isa = PBXBuildFile; fileRef = 02074E1A29972E290049B917 /* ProductCellView.swift */; };
		024FA5612995BE1C00C8F072 /* AppDelegate.swift in Sources */ = {isa = PBXBuildFile; fileRef = 024FA5602995BE1C00C8F072 /* AppDelegate.swift */; };
		024FA5632995BE1C00C8F072 /* SceneDelegate.swift in Sources */ = {isa = PBXBuildFile; fileRef = 024FA5622995BE1C00C8F072 /* SceneDelegate.swift */; };
		024FA5652995BE1C00C8F072 /* CategoresTableViewController.swift in Sources */ = {isa = PBXBuildFile; fileRef = 024FA5642995BE1C00C8F072 /* CategoresTableViewController.swift */; };
		024FA56A2995BE1D00C8F072 /* Assets.xcassets in Resources */ = {isa = PBXBuildFile; fileRef = 024FA5692995BE1D00C8F072 /* Assets.xcassets */; };
		024FA56D2995BE1D00C8F072 /* LaunchScreen.storyboard in Resources */ = {isa = PBXBuildFile; fileRef = 024FA56B2995BE1D00C8F072 /* LaunchScreen.storyboard */; };
		024FA5772995BFA400C8F072 /* StoreHTTPClient.swift in Sources */ = {isa = PBXBuildFile; fileRef = 024FA5762995BFA400C8F072 /* StoreHTTPClient.swift */; };
		024FA5792995C00B00C8F072 /* Category.swift in Sources */ = {isa = PBXBuildFile; fileRef = 024FA5782995C00B00C8F072 /* Category.swift */; };
		024FA57B2995C28600C8F072 /* URL+Extensions.swift in Sources */ = {isa = PBXBuildFile; fileRef = 024FA57A2995C28500C8F072 /* URL+Extensions.swift */; };
		026686F52996B977003C5B1F /* ProductTableViewController.swift in Sources */ = {isa = PBXBuildFile; fileRef = 026686F42996B977003C5B1F /* ProductTableViewController.swift */; };
		027C400329A4409300880566 /* Local+Extensions.swift in Sources */ = {isa = PBXBuildFile; fileRef = 027C400229A4409300880566 /* Local+Extensions.swift */; };
		027C400529A443A200880566 /* Then.swift in Sources */ = {isa = PBXBuildFile; fileRef = 027C400429A443A200880566 /* Then.swift */; };
		027C400729A444D500880566 /* AddProductViewController.swift in Sources */ = {isa = PBXBuildFile; fileRef = 027C400629A444D500880566 /* AddProductViewController.swift */; };
		027C400929A44D8600880566 /* CategoryPickerView.swift in Sources */ = {isa = PBXBuildFile; fileRef = 027C400829A44D8600880566 /* CategoryPickerView.swift */; };
		02AA7F472995CE8200BCD5FF /* Product.swift in Sources */ = {isa = PBXBuildFile; fileRef = 02AA7F462995CE8200BCD5FF /* Product.swift */; };
/* End PBXBuildFile section */

/* Begin PBXFileReference section */
		02074E182997247A0049B917 /* ProductDetatilViewController.swift */ = {isa = PBXFileReference; lastKnownFileType = sourcecode.swift; path = ProductDetatilViewController.swift; sourceTree = "<group>"; };
		02074E1A29972E290049B917 /* ProductCellView.swift */ = {isa = PBXFileReference; lastKnownFileType = sourcecode.swift; path = ProductCellView.swift; sourceTree = "<group>"; };
		024FA55D2995BE1C00C8F072 /* StoreApp.app */ = {isa = PBXFileReference; explicitFileType = wrapper.application; includeInIndex = 0; path = StoreApp.app; sourceTree = BUILT_PRODUCTS_DIR; };
		024FA5602995BE1C00C8F072 /* AppDelegate.swift */ = {isa = PBXFileReference; lastKnownFileType = sourcecode.swift; path = AppDelegate.swift; sourceTree = "<group>"; };
		024FA5622995BE1C00C8F072 /* SceneDelegate.swift */ = {isa = PBXFileReference; lastKnownFileType = sourcecode.swift; path = SceneDelegate.swift; sourceTree = "<group>"; };
		024FA5642995BE1C00C8F072 /* CategoresTableViewController.swift */ = {isa = PBXFileReference; lastKnownFileType = sourcecode.swift; path = CategoresTableViewController.swift; sourceTree = "<group>"; };
		024FA5692995BE1D00C8F072 /* Assets.xcassets */ = {isa = PBXFileReference; lastKnownFileType = folder.assetcatalog; path = Assets.xcassets; sourceTree = "<group>"; };
		024FA56C2995BE1D00C8F072 /* Base */ = {isa = PBXFileReference; lastKnownFileType = file.storyboard; name = Base; path = Base.lproj/LaunchScreen.storyboard; sourceTree = "<group>"; };
		024FA56E2995BE1D00C8F072 /* Info.plist */ = {isa = PBXFileReference; lastKnownFileType = text.plist.xml; path = Info.plist; sourceTree = "<group>"; };
		024FA5742995BE2700C8F072 /* README.md */ = {isa = PBXFileReference; lastKnownFileType = net.daringfireball.markdown; path = README.md; sourceTree = "<group>"; };
		024FA5762995BFA400C8F072 /* StoreHTTPClient.swift */ = {isa = PBXFileReference; lastKnownFileType = sourcecode.swift; path = StoreHTTPClient.swift; sourceTree = "<group>"; };
		024FA5782995C00B00C8F072 /* Category.swift */ = {isa = PBXFileReference; lastKnownFileType = sourcecode.swift; path = Category.swift; sourceTree = "<group>"; };
		024FA57A2995C28500C8F072 /* URL+Extensions.swift */ = {isa = PBXFileReference; lastKnownFileType = sourcecode.swift; path = "URL+Extensions.swift"; sourceTree = "<group>"; };
		026686F42996B977003C5B1F /* ProductTableViewController.swift */ = {isa = PBXFileReference; lastKnownFileType = sourcecode.swift; path = ProductTableViewController.swift; sourceTree = "<group>"; };
		027C400229A4409300880566 /* Local+Extensions.swift */ = {isa = PBXFileReference; lastKnownFileType = sourcecode.swift; path = "Local+Extensions.swift"; sourceTree = "<group>"; };
		027C400429A443A200880566 /* Then.swift */ = {isa = PBXFileReference; lastKnownFileType = sourcecode.swift; path = Then.swift; sourceTree = "<group>"; };
		027C400629A444D500880566 /* AddProductViewController.swift */ = {isa = PBXFileReference; lastKnownFileType = sourcecode.swift; path = AddProductViewController.swift; sourceTree = "<group>"; };
		027C400829A44D8600880566 /* CategoryPickerView.swift */ = {isa = PBXFileReference; lastKnownFileType = sourcecode.swift; path = CategoryPickerView.swift; sourceTree = "<group>"; };
		02AA7F462995CE8200BCD5FF /* Product.swift */ = {isa = PBXFileReference; lastKnownFileType = sourcecode.swift; path = Product.swift; sourceTree = "<group>"; };
/* End PBXFileReference section */

/* Begin PBXFrameworksBuildPhase section */
		024FA55A2995BE1C00C8F072 /* Frameworks */ = {
			isa = PBXFrameworksBuildPhase;
			buildActionMask = 2147483647;
			files = (
			);
			runOnlyForDeploymentPostprocessing = 0;
		};
/* End PBXFrameworksBuildPhase section */

/* Begin PBXGroup section */
		024FA5542995BE1C00C8F072 = {
			isa = PBXGroup;
			children = (
				024FA5742995BE2700C8F072 /* README.md */,
				024FA5752995BE7300C8F072 /* img */,
				024FA55F2995BE1C00C8F072 /* StoreApp */,
				024FA55E2995BE1C00C8F072 /* Products */,
			);
			sourceTree = "<group>";
		};
		024FA55E2995BE1C00C8F072 /* Products */ = {
			isa = PBXGroup;
			children = (
				024FA55D2995BE1C00C8F072 /* StoreApp.app */,
			);
			name = Products;
			sourceTree = "<group>";
		};
		024FA55F2995BE1C00C8F072 /* StoreApp */ = {
			isa = PBXGroup;
			children = (
				024FA5602995BE1C00C8F072 /* AppDelegate.swift */,
				024FA5622995BE1C00C8F072 /* SceneDelegate.swift */,
				024FA5642995BE1C00C8F072 /* CategoresTableViewController.swift */,
				026686F42996B977003C5B1F /* ProductTableViewController.swift */,
				027C400629A444D500880566 /* AddProductViewController.swift */,
				02074E182997247A0049B917 /* ProductDetatilViewController.swift */,
				02074E1A29972E290049B917 /* ProductCellView.swift */,
				027C400829A44D8600880566 /* CategoryPickerView.swift */,
				024FA5692995BE1D00C8F072 /* Assets.xcassets */,
				024FA56B2995BE1D00C8F072 /* LaunchScreen.storyboard */,
				024FA56E2995BE1D00C8F072 /* Info.plist */,
				024FA5762995BFA400C8F072 /* StoreHTTPClient.swift */,
				024FA5782995C00B00C8F072 /* Category.swift */,
				02AA7F462995CE8200BCD5FF /* Product.swift */,
				024FA57A2995C28500C8F072 /* URL+Extensions.swift */,
				027C400229A4409300880566 /* Local+Extensions.swift */,
				027C400429A443A200880566 /* Then.swift */,
			);
			path = StoreApp;
			sourceTree = "<group>";
		};
		024FA5752995BE7300C8F072 /* img */ = {
			isa = PBXGroup;
			children = (
			);
			path = img;
			sourceTree = "<group>";
		};
/* End PBXGroup section */

/* Begin PBXNativeTarget section */
		024FA55C2995BE1C00C8F072 /* StoreApp */ = {
			isa = PBXNativeTarget;
			buildConfigurationList = 024FA5712995BE1D00C8F072 /* Build configuration list for PBXNativeTarget "StoreApp" */;
			buildPhases = (
				024FA5592995BE1C00C8F072 /* Sources */,
				024FA55A2995BE1C00C8F072 /* Frameworks */,
				024FA55B2995BE1C00C8F072 /* Resources */,
			);
			buildRules = (
			);
			dependencies = (
			);
			name = StoreApp;
			productName = StoreApp;
			productReference = 024FA55D2995BE1C00C8F072 /* StoreApp.app */;
			productType = "com.apple.product-type.application";
		};
/* End PBXNativeTarget section */

/* Begin PBXProject section */
		024FA5552995BE1C00C8F072 /* Project object */ = {
			isa = PBXProject;
			attributes = {
				BuildIndependentTargetsInParallel = 1;
				LastSwiftUpdateCheck = 1420;
				LastUpgradeCheck = 1420;
				TargetAttributes = {
					024FA55C2995BE1C00C8F072 = {
						CreatedOnToolsVersion = 14.2;
					};
				};
			};
			buildConfigurationList = 024FA5582995BE1C00C8F072 /* Build configuration list for PBXProject "StoreApp" */;
			compatibilityVersion = "Xcode 14.0";
			developmentRegion = en;
			hasScannedForEncodings = 0;
			knownRegions = (
				en,
				Base,
			);
			mainGroup = 024FA5542995BE1C00C8F072;
			productRefGroup = 024FA55E2995BE1C00C8F072 /* Products */;
			projectDirPath = "";
			projectRoot = "";
			targets = (
				024FA55C2995BE1C00C8F072 /* StoreApp */,
			);
		};
/* End PBXProject section */

/* Begin PBXResourcesBuildPhase section */
		024FA55B2995BE1C00C8F072 /* Resources */ = {
			isa = PBXResourcesBuildPhase;
			buildActionMask = 2147483647;
			files = (
				024FA56D2995BE1D00C8F072 /* LaunchScreen.storyboard in Resources */,
				024FA56A2995BE1D00C8F072 /* Assets.xcassets in Resources */,
			);
			runOnlyForDeploymentPostprocessing = 0;
		};
/* End PBXResourcesBuildPhase section */

/* Begin PBXSourcesBuildPhase section */
		024FA5592995BE1C00C8F072 /* Sources */ = {
			isa = PBXSourcesBuildPhase;
			buildActionMask = 2147483647;
			files = (
				024FA5772995BFA400C8F072 /* StoreHTTPClient.swift in Sources */,
				024FA57B2995C28600C8F072 /* URL+Extensions.swift in Sources */,
				024FA5792995C00B00C8F072 /* Category.swift in Sources */,
				024FA5652995BE1C00C8F072 /* CategoresTableViewController.swift in Sources */,
				027C400529A443A200880566 /* Then.swift in Sources */,
				02074E1B29972E290049B917 /* ProductCellView.swift in Sources */,
				02074E192997247A0049B917 /* ProductDetatilViewController.swift in Sources */,
				027C400329A4409300880566 /* Local+Extensions.swift in Sources */,
				024FA5612995BE1C00C8F072 /* AppDelegate.swift in Sources */,
				027C400729A444D500880566 /* AddProductViewController.swift in Sources */,
				024FA5632995BE1C00C8F072 /* SceneDelegate.swift in Sources */,
				026686F52996B977003C5B1F /* ProductTableViewController.swift in Sources */,
				027C400929A44D8600880566 /* CategoryPickerView.swift in Sources */,
				02AA7F472995CE8200BCD5FF /* Product.swift in Sources */,
			);
			runOnlyForDeploymentPostprocessing = 0;
		};
/* End PBXSourcesBuildPhase section */

/* Begin PBXVariantGroup section */
		024FA56B2995BE1D00C8F072 /* LaunchScreen.storyboard */ = {
			isa = PBXVariantGroup;
			children = (
				024FA56C2995BE1D00C8F072 /* Base */,
			);
			name = LaunchScreen.storyboard;
			sourceTree = "<group>";
		};
/* End PBXVariantGroup section */

/* Begin XCBuildConfiguration section */
		024FA56F2995BE1D00C8F072 /* Debug */ = {
			isa = XCBuildConfiguration;
			buildSettings = {
				ALWAYS_SEARCH_USER_PATHS = NO;
				CLANG_ANALYZER_NONNULL = YES;
				CLANG_ANALYZER_NUMBER_OBJECT_CONVERSION = YES_AGGRESSIVE;
				CLANG_CXX_LANGUAGE_STANDARD = "gnu++20";
				CLANG_ENABLE_MODULES = YES;
				CLANG_ENABLE_OBJC_ARC = YES;
				CLANG_ENABLE_OBJC_WEAK = YES;
				CLANG_WARN_BLOCK_CAPTURE_AUTORELEASING = YES;
				CLANG_WARN_BOOL_CONVERSION = YES;
				CLANG_WARN_COMMA = YES;
				CLANG_WARN_CONSTANT_CONVERSION = YES;
				CLANG_WARN_DEPRECATED_OBJC_IMPLEMENTATIONS = YES;
				CLANG_WARN_DIRECT_OBJC_ISA_USAGE = YES_ERROR;
				CLANG_WARN_DOCUMENTATION_COMMENTS = YES;
				CLANG_WARN_EMPTY_BODY = YES;
				CLANG_WARN_ENUM_CONVERSION = YES;
				CLANG_WARN_INFINITE_RECURSION = YES;
				CLANG_WARN_INT_CONVERSION = YES;
				CLANG_WARN_NON_LITERAL_NULL_CONVERSION = YES;
				CLANG_WARN_OBJC_IMPLICIT_RETAIN_SELF = YES;
				CLANG_WARN_OBJC_LITERAL_CONVERSION = YES;
				CLANG_WARN_OBJC_ROOT_CLASS = YES_ERROR;
				CLANG_WARN_QUOTED_INCLUDE_IN_FRAMEWORK_HEADER = YES;
				CLANG_WARN_RANGE_LOOP_ANALYSIS = YES;
				CLANG_WARN_STRICT_PROTOTYPES = YES;
				CLANG_WARN_SUSPICIOUS_MOVE = YES;
				CLANG_WARN_UNGUARDED_AVAILABILITY = YES_AGGRESSIVE;
				CLANG_WARN_UNREACHABLE_CODE = YES;
				CLANG_WARN__DUPLICATE_METHOD_MATCH = YES;
				COPY_PHASE_STRIP = NO;
				DEBUG_INFORMATION_FORMAT = dwarf;
				ENABLE_STRICT_OBJC_MSGSEND = YES;
				ENABLE_TESTABILITY = YES;
				GCC_C_LANGUAGE_STANDARD = gnu11;
				GCC_DYNAMIC_NO_PIC = NO;
				GCC_NO_COMMON_BLOCKS = YES;
				GCC_OPTIMIZATION_LEVEL = 0;
				GCC_PREPROCESSOR_DEFINITIONS = (
					"DEBUG=1",
					"$(inherited)",
				);
				GCC_WARN_64_TO_32_BIT_CONVERSION = YES;
				GCC_WARN_ABOUT_RETURN_TYPE = YES_ERROR;
				GCC_WARN_UNDECLARED_SELECTOR = YES;
				GCC_WARN_UNINITIALIZED_AUTOS = YES_AGGRESSIVE;
				GCC_WARN_UNUSED_FUNCTION = YES;
				GCC_WARN_UNUSED_VARIABLE = YES;
				IPHONEOS_DEPLOYMENT_TARGET = 16.2;
				MTL_ENABLE_DEBUG_INFO = INCLUDE_SOURCE;
				MTL_FAST_MATH = YES;
				ONLY_ACTIVE_ARCH = YES;
				SDKROOT = iphoneos;
				SWIFT_ACTIVE_COMPILATION_CONDITIONS = DEBUG;
				SWIFT_OPTIMIZATION_LEVEL = "-Onone";
			};
			name = Debug;
		};
		024FA5702995BE1D00C8F072 /* Release */ = {
			isa = XCBuildConfiguration;
			buildSettings = {
				ALWAYS_SEARCH_USER_PATHS = NO;
				CLANG_ANALYZER_NONNULL = YES;
				CLANG_ANALYZER_NUMBER_OBJECT_CONVERSION = YES_AGGRESSIVE;
				CLANG_CXX_LANGUAGE_STANDARD = "gnu++20";
				CLANG_ENABLE_MODULES = YES;
				CLANG_ENABLE_OBJC_ARC = YES;
				CLANG_ENABLE_OBJC_WEAK = YES;
				CLANG_WARN_BLOCK_CAPTURE_AUTORELEASING = YES;
				CLANG_WARN_BOOL_CONVERSION = YES;
				CLANG_WARN_COMMA = YES;
				CLANG_WARN_CONSTANT_CONVERSION = YES;
				CLANG_WARN_DEPRECATED_OBJC_IMPLEMENTATIONS = YES;
				CLANG_WARN_DIRECT_OBJC_ISA_USAGE = YES_ERROR;
				CLANG_WARN_DOCUMENTATION_COMMENTS = YES;
				CLANG_WARN_EMPTY_BODY = YES;
				CLANG_WARN_ENUM_CONVERSION = YES;
				CLANG_WARN_INFINITE_RECURSION = YES;
				CLANG_WARN_INT_CONVERSION = YES;
				CLANG_WARN_NON_LITERAL_NULL_CONVERSION = YES;
				CLANG_WARN_OBJC_IMPLICIT_RETAIN_SELF = YES;
				CLANG_WARN_OBJC_LITERAL_CONVERSION = YES;
				CLANG_WARN_OBJC_ROOT_CLASS = YES_ERROR;
				CLANG_WARN_QUOTED_INCLUDE_IN_FRAMEWORK_HEADER = YES;
				CLANG_WARN_RANGE_LOOP_ANALYSIS = YES;
				CLANG_WARN_STRICT_PROTOTYPES = YES;
				CLANG_WARN_SUSPICIOUS_MOVE = YES;
				CLANG_WARN_UNGUARDED_AVAILABILITY = YES_AGGRESSIVE;
				CLANG_WARN_UNREACHABLE_CODE = YES;
				CLANG_WARN__DUPLICATE_METHOD_MATCH = YES;
				COPY_PHASE_STRIP = NO;
				DEBUG_INFORMATION_FORMAT = "dwarf-with-dsym";
				ENABLE_NS_ASSERTIONS = NO;
				ENABLE_STRICT_OBJC_MSGSEND = YES;
				GCC_C_LANGUAGE_STANDARD = gnu11;
				GCC_NO_COMMON_BLOCKS = YES;
				GCC_WARN_64_TO_32_BIT_CONVERSION = YES;
				GCC_WARN_ABOUT_RETURN_TYPE = YES_ERROR;
				GCC_WARN_UNDECLARED_SELECTOR = YES;
				GCC_WARN_UNINITIALIZED_AUTOS = YES_AGGRESSIVE;
				GCC_WARN_UNUSED_FUNCTION = YES;
				GCC_WARN_UNUSED_VARIABLE = YES;
				IPHONEOS_DEPLOYMENT_TARGET = 16.2;
				MTL_ENABLE_DEBUG_INFO = NO;
				MTL_FAST_MATH = YES;
				SDKROOT = iphoneos;
				SWIFT_COMPILATION_MODE = wholemodule;
				SWIFT_OPTIMIZATION_LEVEL = "-O";
				VALIDATE_PRODUCT = YES;
			};
			name = Release;
		};
		024FA5722995BE1D00C8F072 /* Debug */ = {
			isa = XCBuildConfiguration;
			buildSettings = {
				ASSETCATALOG_COMPILER_APPICON_NAME = AppIcon;
				ASSETCATALOG_COMPILER_GLOBAL_ACCENT_COLOR_NAME = AccentColor;
				CODE_SIGN_STYLE = Automatic;
				CURRENT_PROJECT_VERSION = 1;
				DEVELOPMENT_TEAM = 723HTEFHBA;
				GENERATE_INFOPLIST_FILE = YES;
				INFOPLIST_FILE = StoreApp/Info.plist;
				INFOPLIST_KEY_UIApplicationSupportsIndirectInputEvents = YES;
				INFOPLIST_KEY_UILaunchStoryboardName = LaunchScreen;
				INFOPLIST_KEY_UISupportedInterfaceOrientations_iPad = "UIInterfaceOrientationPortrait UIInterfaceOrientationPortraitUpsideDown UIInterfaceOrientationLandscapeLeft UIInterfaceOrientationLandscapeRight";
				INFOPLIST_KEY_UISupportedInterfaceOrientations_iPhone = "UIInterfaceOrientationPortrait UIInterfaceOrientationLandscapeLeft UIInterfaceOrientationLandscapeRight";
				LD_RUNPATH_SEARCH_PATHS = (
					"$(inherited)",
					"@executable_path/Frameworks",
				);
				MARKETING_VERSION = 1.0;
				PRODUCT_BUNDLE_IDENTIFIER = ru.fibeApp.StoreApp;
				PRODUCT_NAME = "$(TARGET_NAME)";
				SWIFT_EMIT_LOC_STRINGS = YES;
				SWIFT_VERSION = 5.0;
				TARGETED_DEVICE_FAMILY = "1,2";
			};
			name = Debug;
		};
		024FA5732995BE1D00C8F072 /* Release */ = {
			isa = XCBuildConfiguration;
			buildSettings = {
				ASSETCATALOG_COMPILER_APPICON_NAME = AppIcon;
				ASSETCATALOG_COMPILER_GLOBAL_ACCENT_COLOR_NAME = AccentColor;
				CODE_SIGN_STYLE = Automatic;
				CURRENT_PROJECT_VERSION = 1;
				DEVELOPMENT_TEAM = 723HTEFHBA;
				GENERATE_INFOPLIST_FILE = YES;
				INFOPLIST_FILE = StoreApp/Info.plist;
				INFOPLIST_KEY_UIApplicationSupportsIndirectInputEvents = YES;
				INFOPLIST_KEY_UILaunchStoryboardName = LaunchScreen;
				INFOPLIST_KEY_UISupportedInterfaceOrientations_iPad = "UIInterfaceOrientationPortrait UIInterfaceOrientationPortraitUpsideDown UIInterfaceOrientationLandscapeLeft UIInterfaceOrientationLandscapeRight";
				INFOPLIST_KEY_UISupportedInterfaceOrientations_iPhone = "UIInterfaceOrientationPortrait UIInterfaceOrientationLandscapeLeft UIInterfaceOrientationLandscapeRight";
				LD_RUNPATH_SEARCH_PATHS = (
					"$(inherited)",
					"@executable_path/Frameworks",
				);
				MARKETING_VERSION = 1.0;
				PRODUCT_BUNDLE_IDENTIFIER = ru.fibeApp.StoreApp;
				PRODUCT_NAME = "$(TARGET_NAME)";
				SWIFT_EMIT_LOC_STRINGS = YES;
				SWIFT_VERSION = 5.0;
				TARGETED_DEVICE_FAMILY = "1,2";
			};
			name = Release;
		};
/* End XCBuildConfiguration section */

/* Begin XCConfigurationList section */
		024FA5582995BE1C00C8F072 /* Build configuration list for PBXProject "StoreApp" */ = {
			isa = XCConfigurationList;
			buildConfigurations = (
				024FA56F2995BE1D00C8F072 /* Debug */,
				024FA5702995BE1D00C8F072 /* Release */,
			);
			defaultConfigurationIsVisible = 0;
			defaultConfigurationName = Release;
		};
		024FA5712995BE1D00C8F072 /* Build configuration list for PBXNativeTarget "StoreApp" */ = {
			isa = XCConfigurationList;
			buildConfigurations = (
				024FA5722995BE1D00C8F072 /* Debug */,
				024FA5732995BE1D00C8F072 /* Release */,
			);
			defaultConfigurationIsVisible = 0;
			defaultConfigurationName = Release;
		};
/* End XCConfigurationList section */
	};
	rootObject = 024FA5552995BE1C00C8F072 /* Project object */;
}
